
Microsoft Visual Studio Solution File, Format Version 12.00
Project("{FAE04EC0-301F-11D3-BF4B-00C04F79EFBC}") = "ADI.ADB", "ADI.ADB\ADI.ADB.csproj", "{69560EFB-0694-4176-A641-E9F6699B5D04}"
EndProject
Project("{FAE04EC0-301F-11D3-BF4B-00C04F79EFBC}") = "CrudWhitRazor", "CrudWhitRazor\CrudWhitRazor.csproj", "{29C02B5B-18ED-4501-9DE5-51680CBACAF5}"
EndProject
Global
	GlobalSection(SolutionConfigurationPlatforms) = preSolution
		Debug|Any CPU = Debug|Any CPU
		Release|Any CPU = Release|Any CPU
	EndGlobalSection
	GlobalSection(ProjectConfigurationPlatforms) = postSolution
		{69560EFB-0694-4176-A641-E9F6699B5D04}.Debug|Any CPU.ActiveCfg = Debug|Any CPU
		{69560EFB-0694-4176-A641-E9F6699B5D04}.Debug|Any CPU.Build.0 = Debug|Any CPU
		{69560EFB-0694-4176-A641-E9F6699B5D04}.Release|Any CPU.ActiveCfg = Release|Any CPU
		{69560EFB-0694-4176-A641-E9F6699B5D04}.Release|Any CPU.Build.0 = Release|Any CPU
		{29C02B5B-18ED-4501-9DE5-51680CBACAF5}.Debug|Any CPU.ActiveCfg = Debug|Any CPU
		{29C02B5B-18ED-4501-9DE5-51680CBACAF5}.Debug|Any CPU.Build.0 = Debug|Any CPU
		{29C02B5B-18ED-4501-9DE5-51680CBACAF5}.Release|Any CPU.ActiveCfg = Release|Any CPU
		{29C02B5B-18ED-4501-9DE5-51680CBACAF5}.Release|Any CPU.Build.0 = Release|Any CPU
	EndGlobalSection
	GlobalSection(NestedProjects) = preSolution
	EndGlobalSection
EndGlobal
